<?xml version="1.0" encoding="utf-8"?>
<Project ToolsVersion="4.0" xmlns="http://schemas.microsoft.com/developer/msbuild/2003">
  <ItemGroup>
    <Filter Include="Source Files">
      <UniqueIdentifier>{4FC737F1-C7A5-4376-A066-2A32D752A2FF}</UniqueIdentifier>
      <Extensions>cpp;c;cc;cxx;def;odl;idl;hpj;bat;asm;asmx</Extensions>
    </Filter>
    <Filter Include="Header Files">
      <UniqueIdentifier>{93995380-89BD-4b04-88EB-625FBE52EBFB}</UniqueIdentifier>
      <Extensions>h;hh;hpp;hxx;hm;inl;inc;xsd</Extensions>
    </Filter>
    <Filter Include="Resource Files">
      <UniqueIdentifier>{67DA6AB6-F800-4c08-8B7A-83BB121AAD01}</UniqueIdentifier>
      <Extensions>rc;ico;cur;bmp;dlg;rc2;rct;bin;rgs;gif;jpg;jpeg;jpe;resx;tiff;tif;png;wav;mfcribbon-ms</Extensions>
    </Filter>
    <Filter Include="Shaders">
      <UniqueIdentifier>{f5a8be16-2dcb-471f-8931-1b895ede6a9d}</UniqueIdentifier>
    </Filter>
    <Filter Include="Shaders\D3D11">
      <UniqueIdentifier>{57e9c5fb-b66c-46c8-ad27-4bb1c0f12e8a}</UniqueIdentifier>
    </Filter>
    <Filter Include="3rd_party">
      <UniqueIdentifier>{71faa5b8-de3f-4ec9-a2d2-0580bba64013}</UniqueIdentifier>
    </Filter>
    <Filter Include="3rd_party\DirectXTK">
      <UniqueIdentifier>{e6a266f1-4aef-4d68-b8a7-49e8f1dbb208}</UniqueIdentifier>
    </Filter>
    <Filter Include="3rd_party\DirectXTex">
      <UniqueIdentifier>{6a908d6d-9ce6-4bf1-907d-c93654df82ad}</UniqueIdentifier>
    </Filter>
  </ItemGroup>
  <ItemGroup>
    <ClCompile Include="..\Source\main.cpp">
      <Filter>Source Files</Filter>
    </ClCompile>
    <ClCompile Include="..\Source\Engine.cpp">
      <Filter>Source Files</Filter>
    </ClCompile>
    <ClCompile Include="..\Source\Renderer.cpp">
      <Filter>Source Files</Filter>
    </ClCompile>
    <ClCompile Include="..\Source\GraphicsAPIDX11.cpp">
      <Filter>Source Files</Filter>
    </ClCompile>
    <ClCompile Include="..\Source\GraphicsAPI.cpp">
      <Filter>Source Files</Filter>
    </ClCompile>
    <ClCompile Include="..\Source\NativeWindow.cpp">
      <Filter>Source Files</Filter>
    </ClCompile>
    <ClCompile Include="..\Source\AssimpLoader.cpp">
      <Filter>Source Files</Filter>
    </ClCompile>
    <ClCompile Include="..\Source\Camera.cpp">
      <Filter>Source Files</Filter>
    </ClCompile>
    <ClCompile Include="..\Source\3rd_party\DirectXTK\Src\Keyboard.cpp">
      <Filter>3rd_party\DirectXTK</Filter>
    </ClCompile>
    <ClCompile Include="..\Source\3rd_party\DirectXTK\Src\Mouse.cpp">
      <Filter>3rd_party\DirectXTK</Filter>
    </ClCompile>
    <ClCompile Include="..\Source\3rd_party\DirectXTex\DDSTextureLoader.cpp">
      <Filter>3rd_party\DirectXTex</Filter>
    </ClCompile>
    <ClCompile Include="..\Source\3rd_party\DirectXTex\DDSTextureLoader12.cpp">
      <Filter>3rd_party\DirectXTex</Filter>
    </ClCompile>
    <ClCompile Include="..\Source\3rd_party\DirectXTex\WICTextureLoader.cpp">
      <Filter>3rd_party\DirectXTex</Filter>
    </ClCompile>
    <ClCompile Include="..\Source\3rd_party\DirectXTex\WICTextureLoader12.cpp">
      <Filter>3rd_party\DirectXTex</Filter>
    </ClCompile>
    <ClCompile Include="..\Source\GraphicsAPIDX12.cpp">
      <Filter>Source Files</Filter>
    </ClCompile>
  </ItemGroup>
  <ItemGroup>
    <ClInclude Include="..\Source\Engine.h">
      <Filter>Header Files</Filter>
    </ClInclude>
    <ClInclude Include="..\Source\Renderer.h">
      <Filter>Header Files</Filter>
    </ClInclude>
    <ClInclude Include="..\Source\GraphicsAPI.h">
      <Filter>Header Files</Filter>
    </ClInclude>
    <ClInclude Include="..\Source\GraphicsAPIDX11.h">
      <Filter>Header Files</Filter>
    </ClInclude>
    <ClInclude Include="..\Source\common.h">
      <Filter>Header Files</Filter>
    </ClInclude>
    <ClInclude Include="..\Source\HandleAlloc.h">
      <Filter>Header Files</Filter>
    </ClInclude>
    <ClInclude Include="..\Source\NativeWindow.h">
      <Filter>Header Files</Filter>
    </ClInclude>
    <ClInclude Include="..\Source\AssimpLoader.h">
      <Filter>Header Files</Filter>
    </ClInclude>
    <ClInclude Include="..\Source\Camera.h">
      <Filter>Header Files</Filter>
    </ClInclude>
    <ClInclude Include="..\Source\3rd_party\DirectXTK\Src\pch.h">
      <Filter>3rd_party\DirectXTK</Filter>
    </ClInclude>
    <ClInclude Include="..\Source\3rd_party\DirectXTK\Src\PlatformHelpers.h">
      <Filter>3rd_party\DirectXTK</Filter>
    </ClInclude>
    <ClInclude Include="..\Source\3rd_party\DirectXTK\Inc\Keyboard.h">
      <Filter>3rd_party\DirectXTK</Filter>
    </ClInclude>
    <ClInclude Include="..\Source\3rd_party\DirectXTK\Inc\Mouse.h">
      <Filter>3rd_party\DirectXTK</Filter>
    </ClInclude>
    <ClInclude Include="..\Source\3rd_party\DirectXTex\DDSTextureLoader.h">
      <Filter>3rd_party\DirectXTex</Filter>
    </ClInclude>
    <ClInclude Include="..\Source\3rd_party\DirectXTex\DDSTextureLoader12.h">
      <Filter>3rd_party\DirectXTex</Filter>
    </ClInclude>
    <ClInclude Include="..\Source\3rd_party\DirectXTex\WICTextureLoader.h">
      <Filter>3rd_party\DirectXTex</Filter>
    </ClInclude>
    <ClInclude Include="..\Source\3rd_party\DirectXTex\WICTextureLoader12.h">
      <Filter>3rd_party\DirectXTex</Filter>
    </ClInclude>
    <ClInclude Include="..\Source\3rd_party\DirectXTex\d3dx12.h">
      <Filter>3rd_party\DirectXTex</Filter>
    </ClInclude>
    <ClInclude Include="..\Source\GraphicsAPIDX12.h">
      <Filter>Header Files</Filter>
    </ClInclude>
  </ItemGroup>
  <ItemGroup>
    <FxCompile Include="..\Source\Shaders\D3D11\ps_simple.hlsl">
      <Filter>Shaders\D3D11</Filter>
    </FxCompile>
    <FxCompile Include="..\Source\Shaders\D3D11\vs_simple.hlsl">
      <Filter>Shaders\D3D11</Filter>
    </FxCompile>
    <FxCompile Include="..\Source\Shaders\D3D11\vs_opaque.hlsl">
      <Filter>Shaders\D3D11</Filter>
    </FxCompile>
    <FxCompile Include="..\Source\Shaders\D3D11\ps_opaque.hlsl">
      <Filter>Shaders\D3D11</Filter>
    </FxCompile>
    <FxCompile Include="..\Source\Shaders\D3D11\vs_skybox.hlsl">
      <Filter>Shaders\D3D11</Filter>
    </FxCompile>
    <FxCompile Include="..\Source\Shaders\D3D11\ps_skybox.hlsl">
      <Filter>Shaders\D3D11</Filter>
    </FxCompile>
  </ItemGroup>
</Project>